
Microsoft Visual Studio Solution File, Format Version 12.00
# Visual Studio 15
VisualStudioVersion = 15.0.27428.2027
MinimumVisualStudioVersion = 10.0.40219.1
Project("{FAE04EC0-301F-11D3-BF4B-00C04F79EFBC}") = "BookLibrary", "BookLibrary\BookLibrary.csproj", "{5C417EA5-E8DF-409D-BA8E-DDE634422C36}"
EndProject
Global
	GlobalSection(SolutionConfigurationPlatforms) = preSolution
		Debug|Any CPU = Debug|Any CPU
		Release|Any CPU = Release|Any CPU
	EndGlobalSection
	GlobalSection(ProjectConfigurationPlatforms) = postSolution
		{5C417EA5-E8DF-409D-BA8E-DDE634422C36}.Debug|Any CPU.ActiveCfg = Debug|Any CPU
		{5C417EA5-E8DF-409D-BA8E-DDE634422C36}.Debug|Any CPU.Build.0 = Debug|Any CPU
		{5C417EA5-E8DF-409D-BA8E-DDE634422C36}.Release|Any CPU.ActiveCfg = Release|Any CPU
		{5C417EA5-E8DF-409D-BA8E-DDE634422C36}.Release|Any CPU.Build.0 = Release|Any CPU
	EndGlobalSection
	GlobalSection(SolutionProperties) = preSolution
		HideSolutionNode = FALSE
	EndGlobalSection
	GlobalSection(ExtensibilityGlobals) = postSolution
		SolutionGuid = {670656E3-6C9C-498A-890F-B2EABAA11116}
	EndGlobalSection
EndGlobal
